
Microsoft Visual Studio Solution File, Format Version 12.00
# Visual Studio Version 17
VisualStudioVersion = 17.14.36414.22 d17.14
MinimumVisualStudioVersion = 10.0.40219.1
Project("{FAE04EC0-301F-11D3-BF4B-00C04F79EFBC}") = "BL", "BL\BL.csproj", "{3B109B79-9631-4DCB-80D3-B4934196D77A}"
EndProject
Global
	GlobalSection(SolutionConfigurationPlatforms) = preSolution
		Debug|Any CPU = Debug|Any CPU
		Release|Any CPU = Release|Any CPU
	EndGlobalSection
	GlobalSection(ProjectConfigurationPlatforms) = postSolution
		{3B109B79-9631-4DCB-80D3-B4934196D77A}.Debug|Any CPU.ActiveCfg = Debug|Any CPU
		{3B109B79-9631-4DCB-80D3-B4934196D77A}.Debug|Any CPU.Build.0 = Debug|Any CPU
		{3B109B79-9631-4DCB-80D3-B4934196D77A}.Release|Any CPU.ActiveCfg = Release|Any CPU
		{3B109B79-9631-4DCB-80D3-B4934196D77A}.Release|Any CPU.Build.0 = Release|Any CPU
	EndGlobalSection
	GlobalSection(SolutionProperties) = preSolution
		HideSolutionNode = FALSE
	EndGlobalSection
	GlobalSection(ExtensibilityGlobals) = postSolution
		SolutionGuid = {B888B9C4-98FF-49DA-B7D4-14B84158B824}
	EndGlobalSection
EndGlobal
